{
    "name": "advent-of-code-2024",
    "version": "1.0.0",
    "lockfileVersion": 3,
    "requires": true,
    "packages": {
        "": {
            "name": "advent-of-code-2024",
            "version": "1.0.0",
            "license": "MIT",
            "dependencies": {
                "min-heap": "^0.2.3"
            }
        },
        "node_modules/min-heap": {
            "version": "0.2.3",
            "resolved": "https://registry.npmjs.org/min-heap/-/min-heap-0.2.3.tgz",
            "integrity": "sha512-f96/+DWKo6Qoh8xeCZv08cYKzQ9+/lBWWHkevRGIF2pqzuErX/d6IDCbrCrieSkwJDGxk3cW2gJLxbXxF7IHcA=="
        }
    }
}
